
Microsoft Visual Studio Solution File, Format Version 12.00
# Visual Studio Version 16
VisualStudioVersion = 16.6.30114.105
MinimumVisualStudioVersion = 10.0.40219.1
Project("{2150E333-8FDC-42A3-9474-1A3956D46DE8}") = "src", "src", "{BAABE3F5-0C8A-47D1-BACB-555488AD6E2B}"
EndProject
Project("{FAE04EC0-301F-11D3-BF4B-00C04F79EFBC}") = "PhotoBoom", "src\PhotoBoom\PhotoBoom.csproj", "{9554AFBD-97CA-4261-B4F4-DC1A65A5627A}"
EndProject
Project("{2150E333-8FDC-42A3-9474-1A3956D46DE8}") = "test", "test", "{C6264249-2640-486D-948F-B1255359B029}"
EndProject
Project("{FAE04EC0-301F-11D3-BF4B-00C04F79EFBC}") = "PhotoBoom.Test", "test\PhotoBoom.Test\PhotoBoom.Test.csproj", "{2ED827EC-09CB-4188-A38E-FEBA678E3A4D}"
EndProject
Global
	GlobalSection(SolutionConfigurationPlatforms) = preSolution
		Debug|Any CPU = Debug|Any CPU
		Debug|x64 = Debug|x64
		Debug|x86 = Debug|x86
		Release|Any CPU = Release|Any CPU
		Release|x64 = Release|x64
		Release|x86 = Release|x86
	EndGlobalSection
	GlobalSection(SolutionProperties) = preSolution
		HideSolutionNode = FALSE
	EndGlobalSection
	GlobalSection(ProjectConfigurationPlatforms) = postSolution
		{9554AFBD-97CA-4261-B4F4-DC1A65A5627A}.Debug|Any CPU.ActiveCfg = Debug|Any CPU
		{9554AFBD-97CA-4261-B4F4-DC1A65A5627A}.Debug|Any CPU.Build.0 = Debug|Any CPU
		{9554AFBD-97CA-4261-B4F4-DC1A65A5627A}.Debug|x64.ActiveCfg = Debug|Any CPU
		{9554AFBD-97CA-4261-B4F4-DC1A65A5627A}.Debug|x64.Build.0 = Debug|Any CPU
		{9554AFBD-97CA-4261-B4F4-DC1A65A5627A}.Debug|x86.ActiveCfg = Debug|Any CPU
		{9554AFBD-97CA-4261-B4F4-DC1A65A5627A}.Debug|x86.Build.0 = Debug|Any CPU
		{9554AFBD-97CA-4261-B4F4-DC1A65A5627A}.Release|Any CPU.ActiveCfg = Release|Any CPU
		{9554AFBD-97CA-4261-B4F4-DC1A65A5627A}.Release|Any CPU.Build.0 = Release|Any CPU
		{9554AFBD-97CA-4261-B4F4-DC1A65A5627A}.Release|x64.ActiveCfg = Release|Any CPU
		{9554AFBD-97CA-4261-B4F4-DC1A65A5627A}.Release|x64.Build.0 = Release|Any CPU
		{9554AFBD-97CA-4261-B4F4-DC1A65A5627A}.Release|x86.ActiveCfg = Release|Any CPU
		{9554AFBD-97CA-4261-B4F4-DC1A65A5627A}.Release|x86.Build.0 = Release|Any CPU
		{2ED827EC-09CB-4188-A38E-FEBA678E3A4D}.Debug|Any CPU.ActiveCfg = Debug|Any CPU
		{2ED827EC-09CB-4188-A38E-FEBA678E3A4D}.Debug|Any CPU.Build.0 = Debug|Any CPU
		{2ED827EC-09CB-4188-A38E-FEBA678E3A4D}.Debug|x64.ActiveCfg = Debug|Any CPU
		{2ED827EC-09CB-4188-A38E-FEBA678E3A4D}.Debug|x64.Build.0 = Debug|Any CPU
		{2ED827EC-09CB-4188-A38E-FEBA678E3A4D}.Debug|x86.ActiveCfg = Debug|Any CPU
		{2ED827EC-09CB-4188-A38E-FEBA678E3A4D}.Debug|x86.Build.0 = Debug|Any CPU
		{2ED827EC-09CB-4188-A38E-FEBA678E3A4D}.Release|Any CPU.ActiveCfg = Release|Any CPU
		{2ED827EC-09CB-4188-A38E-FEBA678E3A4D}.Release|Any CPU.Build.0 = Release|Any CPU
		{2ED827EC-09CB-4188-A38E-FEBA678E3A4D}.Release|x64.ActiveCfg = Release|Any CPU
		{2ED827EC-09CB-4188-A38E-FEBA678E3A4D}.Release|x64.Build.0 = Release|Any CPU
		{2ED827EC-09CB-4188-A38E-FEBA678E3A4D}.Release|x86.ActiveCfg = Release|Any CPU
		{2ED827EC-09CB-4188-A38E-FEBA678E3A4D}.Release|x86.Build.0 = Release|Any CPU
	EndGlobalSection
	GlobalSection(NestedProjects) = preSolution
		{9554AFBD-97CA-4261-B4F4-DC1A65A5627A} = {BAABE3F5-0C8A-47D1-BACB-555488AD6E2B}
		{2ED827EC-09CB-4188-A38E-FEBA678E3A4D} = {C6264249-2640-486D-948F-B1255359B029}
	EndGlobalSection
EndGlobal
